
Microsoft Visual Studio Solution File, Format Version 12.00
# Visual Studio Version 17
VisualStudioVersion = 17.0.31903.59
MinimumVisualStudioVersion = 10.0.40219.1
Project("{FAE04EC0-301F-11D3-BF4B-00C04F79EFBC}") = "srv", "srv\srv.csproj", "{38E559F4-C784-4AA4-8997-9DCB53B5CB69}"
EndProject
Project("{FAE04EC0-301F-11D3-BF4B-00C04F79EFBC}") = "test", "test\test.csproj", "{72A27394-44AF-4ED8-BF06-16BE748C4504}"
EndProject
Global
	GlobalSection(SolutionConfigurationPlatforms) = preSolution
		Debug|Any CPU = Debug|Any CPU
		Release|Any CPU = Release|Any CPU
	EndGlobalSection
	GlobalSection(SolutionProperties) = preSolution
		HideSolutionNode = FALSE
	EndGlobalSection
	GlobalSection(ProjectConfigurationPlatforms) = postSolution
		{38E559F4-C784-4AA4-8997-9DCB53B5CB69}.Debug|Any CPU.ActiveCfg = Debug|Any CPU
		{38E559F4-C784-4AA4-8997-9DCB53B5CB69}.Debug|Any CPU.Build.0 = Debug|Any CPU
		{38E559F4-C784-4AA4-8997-9DCB53B5CB69}.Release|Any CPU.ActiveCfg = Release|Any CPU
		{38E559F4-C784-4AA4-8997-9DCB53B5CB69}.Release|Any CPU.Build.0 = Release|Any CPU
		{72A27394-44AF-4ED8-BF06-16BE748C4504}.Debug|Any CPU.ActiveCfg = Debug|Any CPU
		{72A27394-44AF-4ED8-BF06-16BE748C4504}.Debug|Any CPU.Build.0 = Debug|Any CPU
		{72A27394-44AF-4ED8-BF06-16BE748C4504}.Release|Any CPU.ActiveCfg = Release|Any CPU
		{72A27394-44AF-4ED8-BF06-16BE748C4504}.Release|Any CPU.Build.0 = Release|Any CPU
	EndGlobalSection
EndGlobal
